
Microsoft Visual Studio Solution File, Format Version 12.00
# Visual Studio Version 17
VisualStudioVersion = 17.7.33711.374
MinimumVisualStudioVersion = 10.0.40219.1
Project("{9A19103F-16F7-4668-BE54-9A1E7A4F7556}") = "expAvaloniaXamarin", "expAvaloniaXamarin\expAvaloniaXamarin\expAvaloniaXamarin.csproj", "{76E289D2-BAA3-4AE2-888F-8902CEB8263B}"
EndProject
Project("{9A19103F-16F7-4668-BE54-9A1E7A4F7556}") = "expAvaloniaXamarin.Droid", "expAvaloniaXamarin\expAvaloniaXamarin.Droid\expAvaloniaXamarin.Droid.csproj", "{8CB918D0-F10F-4BA0-8514-DBE62745CBDF}"
EndProject
Project("{FAE04EC0-301F-11D3-BF4B-00C04F79EFBC}") = "expAvaloniaXamarin.iOS", "expAvaloniaXamarin\expAvaloniaXamarin.iOS\expAvaloniaXamarin.iOS.csproj", "{4FCA5B2A-7752-4B67-A3E0-603A6FFB3BAA}"
EndProject
Project("{2150E333-8FDC-42A3-9474-1A3956D46DE8}") = "Xamarin", "Xamarin", "{7AEB45EA-108A-4EBB-9DB1-B16CF19D4C8B}"
EndProject
Project("{2150E333-8FDC-42A3-9474-1A3956D46DE8}") = "AvaloniaApp", "AvaloniaApp", "{1AD5615D-03B1-411A-A993-E5FD8A08B0D1}"
EndProject
Project("{9A19103F-16F7-4668-BE54-9A1E7A4F7556}") = "expAvaloniaXamarin.AvaloniaV2", "expAvaloniaXamarin.AvaloniaV2\expAvaloniaXamarin.AvaloniaV2\expAvaloniaXamarin.AvaloniaV2.csproj", "{F4AD7D37-9230-402F-8673-4470AA1E4B76}"
EndProject
Project("{9A19103F-16F7-4668-BE54-9A1E7A4F7556}") = "expAvaloniaXamarin.AvaloniaV2.Desktop", "expAvaloniaXamarin.AvaloniaV2\expAvaloniaXamarin.AvaloniaV2.Desktop\expAvaloniaXamarin.AvaloniaV2.Desktop.csproj", "{A9AEF588-3E19-4CF2-812D-1F6FBA18AFBA}"
EndProject
Global
	GlobalSection(SolutionConfigurationPlatforms) = preSolution
		Ad-Hoc|Any CPU = Ad-Hoc|Any CPU
		Ad-Hoc|ARM = Ad-Hoc|ARM
		Ad-Hoc|iPhone = Ad-Hoc|iPhone
		Ad-Hoc|iPhoneSimulator = Ad-Hoc|iPhoneSimulator
		Ad-Hoc|x64 = Ad-Hoc|x64
		Ad-Hoc|x86 = Ad-Hoc|x86
		AppStore|Any CPU = AppStore|Any CPU
		AppStore|ARM = AppStore|ARM
		AppStore|iPhone = AppStore|iPhone
		AppStore|iPhoneSimulator = AppStore|iPhoneSimulator
		AppStore|x64 = AppStore|x64
		AppStore|x86 = AppStore|x86
		Debug|Any CPU = Debug|Any CPU
		Debug|ARM = Debug|ARM
		Debug|iPhone = Debug|iPhone
		Debug|iPhoneSimulator = Debug|iPhoneSimulator
		Debug|x64 = Debug|x64
		Debug|x86 = Debug|x86
		Release|Any CPU = Release|Any CPU
		Release|ARM = Release|ARM
		Release|iPhone = Release|iPhone
		Release|iPhoneSimulator = Release|iPhoneSimulator
		Release|x64 = Release|x64
		Release|x86 = Release|x86
	EndGlobalSection
	GlobalSection(ProjectConfigurationPlatforms) = postSolution
		{76E289D2-BAA3-4AE2-888F-8902CEB8263B}.Ad-Hoc|Any CPU.ActiveCfg = Release|Any CPU
		{76E289D2-BAA3-4AE2-888F-8902CEB8263B}.Ad-Hoc|Any CPU.Build.0 = Release|Any CPU
		{76E289D2-BAA3-4AE2-888F-8902CEB8263B}.Ad-Hoc|ARM.ActiveCfg = Debug|Any CPU
		{76E289D2-BAA3-4AE2-888F-8902CEB8263B}.Ad-Hoc|ARM.Build.0 = Debug|Any CPU
		{76E289D2-BAA3-4AE2-888F-8902CEB8263B}.Ad-Hoc|iPhone.ActiveCfg = Debug|Any CPU
		{76E289D2-BAA3-4AE2-888F-8902CEB8263B}.Ad-Hoc|iPhone.Build.0 = Debug|Any CPU
		{76E289D2-BAA3-4AE2-888F-8902CEB8263B}.Ad-Hoc|iPhoneSimulator.ActiveCfg = Release|Any CPU
		{76E289D2-BAA3-4AE2-888F-8902CEB8263B}.Ad-Hoc|iPhoneSimulator.Build.0 = Release|Any CPU
		{76E289D2-BAA3-4AE2-888F-8902CEB8263B}.Ad-Hoc|x64.ActiveCfg = Debug|Any CPU
		{76E289D2-BAA3-4AE2-888F-8902CEB8263B}.Ad-Hoc|x64.Build.0 = Debug|Any CPU
		{76E289D2-BAA3-4AE2-888F-8902CEB8263B}.Ad-Hoc|x86.ActiveCfg = Debug|Any CPU
		{76E289D2-BAA3-4AE2-888F-8902CEB8263B}.Ad-Hoc|x86.Build.0 = Debug|Any CPU
		{76E289D2-BAA3-4AE2-888F-8902CEB8263B}.AppStore|Any CPU.ActiveCfg = Release|Any CPU
		{76E289D2-BAA3-4AE2-888F-8902CEB8263B}.AppStore|Any CPU.Build.0 = Release|Any CPU
		{76E289D2-BAA3-4AE2-888F-8902CEB8263B}.AppStore|ARM.ActiveCfg = Debug|Any CPU
		{76E289D2-BAA3-4AE2-888F-8902CEB8263B}.AppStore|ARM.Build.0 = Debug|Any CPU
		{76E289D2-BAA3-4AE2-888F-8902CEB8263B}.AppStore|iPhone.ActiveCfg = Debug|Any CPU
		{76E289D2-BAA3-4AE2-888F-8902CEB8263B}.AppStore|iPhone.Build.0 = Debug|Any CPU
		{76E289D2-BAA3-4AE2-888F-8902CEB8263B}.AppStore|iPhoneSimulator.ActiveCfg = Release|Any CPU
		{76E289D2-BAA3-4AE2-888F-8902CEB8263B}.AppStore|iPhoneSimulator.Build.0 = Release|Any CPU
		{76E289D2-BAA3-4AE2-888F-8902CEB8263B}.AppStore|x64.ActiveCfg = Debug|Any CPU
		{76E289D2-BAA3-4AE2-888F-8902CEB8263B}.AppStore|x64.Build.0 = Debug|Any CPU
		{76E289D2-BAA3-4AE2-888F-8902CEB8263B}.AppStore|x86.ActiveCfg = Debug|Any CPU
		{76E289D2-BAA3-4AE2-888F-8902CEB8263B}.AppStore|x86.Build.0 = Debug|Any CPU
		{76E289D2-BAA3-4AE2-888F-8902CEB8263B}.Debug|Any CPU.ActiveCfg = Debug|Any CPU
		{76E289D2-BAA3-4AE2-888F-8902CEB8263B}.Debug|Any CPU.Build.0 = Debug|Any CPU
		{76E289D2-BAA3-4AE2-888F-8902CEB8263B}.Debug|ARM.ActiveCfg = Debug|Any CPU
		{76E289D2-BAA3-4AE2-888F-8902CEB8263B}.Debug|ARM.Build.0 = Debug|Any CPU
		{76E289D2-BAA3-4AE2-888F-8902CEB8263B}.Debug|iPhone.ActiveCfg = Debug|Any CPU
		{76E289D2-BAA3-4AE2-888F-8902CEB8263B}.Debug|iPhone.Build.0 = Debug|Any CPU
		{76E289D2-BAA3-4AE2-888F-8902CEB8263B}.Debug|iPhoneSimulator.ActiveCfg = Debug|Any CPU
		{76E289D2-BAA3-4AE2-888F-8902CEB8263B}.Debug|iPhoneSimulator.Build.0 = Debug|Any CPU
		{76E289D2-BAA3-4AE2-888F-8902CEB8263B}.Debug|x64.ActiveCfg = Debug|Any CPU
		{76E289D2-BAA3-4AE2-888F-8902CEB8263B}.Debug|x64.Build.0 = Debug|Any CPU
		{76E289D2-BAA3-4AE2-888F-8902CEB8263B}.Debug|x86.ActiveCfg = Debug|Any CPU
		{76E289D2-BAA3-4AE2-888F-8902CEB8263B}.Debug|x86.Build.0 = Debug|Any CPU
		{76E289D2-BAA3-4AE2-888F-8902CEB8263B}.Release|Any CPU.ActiveCfg = Release|Any CPU
		{76E289D2-BAA3-4AE2-888F-8902CEB8263B}.Release|Any CPU.Build.0 = Release|Any CPU
		{76E289D2-BAA3-4AE2-888F-8902CEB8263B}.Release|ARM.ActiveCfg = Release|Any CPU
		{76E289D2-BAA3-4AE2-888F-8902CEB8263B}.Release|ARM.Build.0 = Release|Any CPU
		{76E289D2-BAA3-4AE2-888F-8902CEB8263B}.Release|iPhone.ActiveCfg = Release|Any CPU
		{76E289D2-BAA3-4AE2-888F-8902CEB8263B}.Release|iPhone.Build.0 = Release|Any CPU
		{76E289D2-BAA3-4AE2-888F-8902CEB8263B}.Release|iPhoneSimulator.ActiveCfg = Release|Any CPU
		{76E289D2-BAA3-4AE2-888F-8902CEB8263B}.Release|iPhoneSimulator.Build.0 = Release|Any CPU
		{76E289D2-BAA3-4AE2-888F-8902CEB8263B}.Release|x64.ActiveCfg = Release|Any CPU
		{76E289D2-BAA3-4AE2-888F-8902CEB8263B}.Release|x64.Build.0 = Release|Any CPU
		{76E289D2-BAA3-4AE2-888F-8902CEB8263B}.Release|x86.ActiveCfg = Release|Any CPU
		{76E289D2-BAA3-4AE2-888F-8902CEB8263B}.Release|x86.Build.0 = Release|Any CPU
		{8CB918D0-F10F-4BA0-8514-DBE62745CBDF}.Ad-Hoc|Any CPU.ActiveCfg = Release|Any CPU
		{8CB918D0-F10F-4BA0-8514-DBE62745CBDF}.Ad-Hoc|Any CPU.Build.0 = Release|Any CPU
		{8CB918D0-F10F-4BA0-8514-DBE62745CBDF}.Ad-Hoc|Any CPU.Deploy.0 = Release|Any CPU
		{8CB918D0-F10F-4BA0-8514-DBE62745CBDF}.Ad-Hoc|ARM.ActiveCfg = Debug|Any CPU
		{8CB918D0-F10F-4BA0-8514-DBE62745CBDF}.Ad-Hoc|ARM.Build.0 = Debug|Any CPU
		{8CB918D0-F10F-4BA0-8514-DBE62745CBDF}.Ad-Hoc|ARM.Deploy.0 = Debug|Any CPU
		{8CB918D0-F10F-4BA0-8514-DBE62745CBDF}.Ad-Hoc|iPhone.ActiveCfg = Debug|Any CPU
		{8CB918D0-F10F-4BA0-8514-DBE62745CBDF}.Ad-Hoc|iPhone.Build.0 = Debug|Any CPU
		{8CB918D0-F10F-4BA0-8514-DBE62745CBDF}.Ad-Hoc|iPhone.Deploy.0 = Debug|Any CPU
		{8CB918D0-F10F-4BA0-8514-DBE62745CBDF}.Ad-Hoc|iPhoneSimulator.ActiveCfg = Release|Any CPU
		{8CB918D0-F10F-4BA0-8514-DBE62745CBDF}.Ad-Hoc|iPhoneSimulator.Build.0 = Release|Any CPU
		{8CB918D0-F10F-4BA0-8514-DBE62745CBDF}.Ad-Hoc|iPhoneSimulator.Deploy.0 = Release|Any CPU
		{8CB918D0-F10F-4BA0-8514-DBE62745CBDF}.Ad-Hoc|x64.ActiveCfg = Debug|Any CPU
		{8CB918D0-F10F-4BA0-8514-DBE62745CBDF}.Ad-Hoc|x64.Build.0 = Debug|Any CPU
		{8CB918D0-F10F-4BA0-8514-DBE62745CBDF}.Ad-Hoc|x64.Deploy.0 = Debug|Any CPU
		{8CB918D0-F10F-4BA0-8514-DBE62745CBDF}.Ad-Hoc|x86.ActiveCfg = Debug|Any CPU
		{8CB918D0-F10F-4BA0-8514-DBE62745CBDF}.Ad-Hoc|x86.Build.0 = Debug|Any CPU
		{8CB918D0-F10F-4BA0-8514-DBE62745CBDF}.Ad-Hoc|x86.Deploy.0 = Debug|Any CPU
		{8CB918D0-F10F-4BA0-8514-DBE62745CBDF}.AppStore|Any CPU.ActiveCfg = Release|Any CPU
		{8CB918D0-F10F-4BA0-8514-DBE62745CBDF}.AppStore|Any CPU.Build.0 = Release|Any CPU
		{8CB918D0-F10F-4BA0-8514-DBE62745CBDF}.AppStore|Any CPU.Deploy.0 = Release|Any CPU
		{8CB918D0-F10F-4BA0-8514-DBE62745CBDF}.AppStore|ARM.ActiveCfg = Debug|Any CPU
		{8CB918D0-F10F-4BA0-8514-DBE62745CBDF}.AppStore|ARM.Build.0 = Debug|Any CPU
		{8CB918D0-F10F-4BA0-8514-DBE62745CBDF}.AppStore|ARM.Deploy.0 = Debug|Any CPU
		{8CB918D0-F10F-4BA0-8514-DBE62745CBDF}.AppStore|iPhone.ActiveCfg = Debug|Any CPU
		{8CB918D0-F10F-4BA0-8514-DBE62745CBDF}.AppStore|iPhone.Build.0 = Debug|Any CPU
		{8CB918D0-F10F-4BA0-8514-DBE62745CBDF}.AppStore|iPhone.Deploy.0 = Debug|Any CPU
		{8CB918D0-F10F-4BA0-8514-DBE62745CBDF}.AppStore|iPhoneSimulator.ActiveCfg = Release|Any CPU
		{8CB918D0-F10F-4BA0-8514-DBE62745CBDF}.AppStore|iPhoneSimulator.Build.0 = Release|Any CPU
		{8CB918D0-F10F-4BA0-8514-DBE62745CBDF}.AppStore|iPhoneSimulator.Deploy.0 = Release|Any CPU
		{8CB918D0-F10F-4BA0-8514-DBE62745CBDF}.AppStore|x64.ActiveCfg = Debug|Any CPU
		{8CB918D0-F10F-4BA0-8514-DBE62745CBDF}.AppStore|x64.Build.0 = Debug|Any CPU
		{8CB918D0-F10F-4BA0-8514-DBE62745CBDF}.AppStore|x64.Deploy.0 = Debug|Any CPU
		{8CB918D0-F10F-4BA0-8514-DBE62745CBDF}.AppStore|x86.ActiveCfg = Debug|Any CPU
		{8CB918D0-F10F-4BA0-8514-DBE62745CBDF}.AppStore|x86.Build.0 = Debug|Any CPU
		{8CB918D0-F10F-4BA0-8514-DBE62745CBDF}.AppStore|x86.Deploy.0 = Debug|Any CPU
		{8CB918D0-F10F-4BA0-8514-DBE62745CBDF}.Debug|Any CPU.ActiveCfg = Debug|Any CPU
		{8CB918D0-F10F-4BA0-8514-DBE62745CBDF}.Debug|Any CPU.Build.0 = Debug|Any CPU
		{8CB918D0-F10F-4BA0-8514-DBE62745CBDF}.Debug|Any CPU.Deploy.0 = Debug|Any CPU
		{8CB918D0-F10F-4BA0-8514-DBE62745CBDF}.Debug|ARM.ActiveCfg = Debug|Any CPU
		{8CB918D0-F10F-4BA0-8514-DBE62745CBDF}.Debug|ARM.Build.0 = Debug|Any CPU
		{8CB918D0-F10F-4BA0-8514-DBE62745CBDF}.Debug|ARM.Deploy.0 = Debug|Any CPU
		{8CB918D0-F10F-4BA0-8514-DBE62745CBDF}.Debug|iPhone.ActiveCfg = Debug|Any CPU
		{8CB918D0-F10F-4BA0-8514-DBE62745CBDF}.Debug|iPhone.Build.0 = Debug|Any CPU
		{8CB918D0-F10F-4BA0-8514-DBE62745CBDF}.Debug|iPhone.Deploy.0 = Debug|Any CPU
		{8CB918D0-F10F-4BA0-8514-DBE62745CBDF}.Debug|iPhoneSimulator.ActiveCfg = Debug|Any CPU
		{8CB918D0-F10F-4BA0-8514-DBE62745CBDF}.Debug|iPhoneSimulator.Build.0 = Debug|Any CPU
		{8CB918D0-F10F-4BA0-8514-DBE62745CBDF}.Debug|iPhoneSimulator.Deploy.0 = Debug|Any CPU
		{8CB918D0-F10F-4BA0-8514-DBE62745CBDF}.Debug|x64.ActiveCfg = Debug|Any CPU
		{8CB918D0-F10F-4BA0-8514-DBE62745CBDF}.Debug|x64.Build.0 = Debug|Any CPU
		{8CB918D0-F10F-4BA0-8514-DBE62745CBDF}.Debug|x64.Deploy.0 = Debug|Any CPU
		{8CB918D0-F10F-4BA0-8514-DBE62745CBDF}.Debug|x86.ActiveCfg = Debug|Any CPU
		{8CB918D0-F10F-4BA0-8514-DBE62745CBDF}.Debug|x86.Build.0 = Debug|Any CPU
		{8CB918D0-F10F-4BA0-8514-DBE62745CBDF}.Debug|x86.Deploy.0 = Debug|Any CPU
		{8CB918D0-F10F-4BA0-8514-DBE62745CBDF}.Release|Any CPU.ActiveCfg = Release|Any CPU
		{8CB918D0-F10F-4BA0-8514-DBE62745CBDF}.Release|Any CPU.Build.0 = Release|Any CPU
		{8CB918D0-F10F-4BA0-8514-DBE62745CBDF}.Release|Any CPU.Deploy.0 = Release|Any CPU
		{8CB918D0-F10F-4BA0-8514-DBE62745CBDF}.Release|ARM.ActiveCfg = Release|Any CPU
		{8CB918D0-F10F-4BA0-8514-DBE62745CBDF}.Release|ARM.Build.0 = Release|Any CPU
		{8CB918D0-F10F-4BA0-8514-DBE62745CBDF}.Release|ARM.Deploy.0 = Release|Any CPU
		{8CB918D0-F10F-4BA0-8514-DBE62745CBDF}.Release|iPhone.ActiveCfg = Release|Any CPU
		{8CB918D0-F10F-4BA0-8514-DBE62745CBDF}.Release|iPhone.Build.0 = Release|Any CPU
		{8CB918D0-F10F-4BA0-8514-DBE62745CBDF}.Release|iPhone.Deploy.0 = Release|Any CPU
		{8CB918D0-F10F-4BA0-8514-DBE62745CBDF}.Release|iPhoneSimulator.ActiveCfg = Release|Any CPU
		{8CB918D0-F10F-4BA0-8514-DBE62745CBDF}.Release|iPhoneSimulator.Build.0 = Release|Any CPU
		{8CB918D0-F10F-4BA0-8514-DBE62745CBDF}.Release|iPhoneSimulator.Deploy.0 = Release|Any CPU
		{8CB918D0-F10F-4BA0-8514-DBE62745CBDF}.Release|x64.ActiveCfg = Release|Any CPU
		{8CB918D0-F10F-4BA0-8514-DBE62745CBDF}.Release|x64.Build.0 = Release|Any CPU
		{8CB918D0-F10F-4BA0-8514-DBE62745CBDF}.Release|x64.Deploy.0 = Release|Any CPU
		{8CB918D0-F10F-4BA0-8514-DBE62745CBDF}.Release|x86.ActiveCfg = Release|Any CPU
		{8CB918D0-F10F-4BA0-8514-DBE62745CBDF}.Release|x86.Build.0 = Release|Any CPU
		{8CB918D0-F10F-4BA0-8514-DBE62745CBDF}.Release|x86.Deploy.0 = Release|Any CPU
		{4FCA5B2A-7752-4B67-A3E0-603A6FFB3BAA}.Ad-Hoc|Any CPU.ActiveCfg = Ad-Hoc|iPhoneSimulator
		{4FCA5B2A-7752-4B67-A3E0-603A6FFB3BAA}.Ad-Hoc|Any CPU.Build.0 = Ad-Hoc|iPhoneSimulator
		{4FCA5B2A-7752-4B67-A3E0-603A6FFB3BAA}.Ad-Hoc|ARM.ActiveCfg = Ad-Hoc|iPhone
		{4FCA5B2A-7752-4B67-A3E0-603A6FFB3BAA}.Ad-Hoc|ARM.Build.0 = Ad-Hoc|iPhone
		{4FCA5B2A-7752-4B67-A3E0-603A6FFB3BAA}.Ad-Hoc|iPhone.ActiveCfg = Ad-Hoc|iPhone
		{4FCA5B2A-7752-4B67-A3E0-603A6FFB3BAA}.Ad-Hoc|iPhone.Build.0 = Ad-Hoc|iPhone
		{4FCA5B2A-7752-4B67-A3E0-603A6FFB3BAA}.Ad-Hoc|iPhone.Deploy.0 = Ad-Hoc|iPhone
		{4FCA5B2A-7752-4B67-A3E0-603A6FFB3BAA}.Ad-Hoc|iPhoneSimulator.ActiveCfg = Ad-Hoc|iPhoneSimulator
		{4FCA5B2A-7752-4B67-A3E0-603A6FFB3BAA}.Ad-Hoc|iPhoneSimulator.Build.0 = Ad-Hoc|iPhoneSimulator
		{4FCA5B2A-7752-4B67-A3E0-603A6FFB3BAA}.Ad-Hoc|x64.ActiveCfg = Ad-Hoc|iPhone
		{4FCA5B2A-7752-4B67-A3E0-603A6FFB3BAA}.Ad-Hoc|x64.Build.0 = Ad-Hoc|iPhone
		{4FCA5B2A-7752-4B67-A3E0-603A6FFB3BAA}.Ad-Hoc|x86.ActiveCfg = Ad-Hoc|iPhone
		{4FCA5B2A-7752-4B67-A3E0-603A6FFB3BAA}.Ad-Hoc|x86.Build.0 = Ad-Hoc|iPhone
		{4FCA5B2A-7752-4B67-A3E0-603A6FFB3BAA}.AppStore|Any CPU.ActiveCfg = AppStore|iPhoneSimulator
		{4FCA5B2A-7752-4B67-A3E0-603A6FFB3BAA}.AppStore|Any CPU.Build.0 = AppStore|iPhoneSimulator
		{4FCA5B2A-7752-4B67-A3E0-603A6FFB3BAA}.AppStore|ARM.ActiveCfg = AppStore|iPhone
		{4FCA5B2A-7752-4B67-A3E0-603A6FFB3BAA}.AppStore|ARM.Build.0 = AppStore|iPhone
		{4FCA5B2A-7752-4B67-A3E0-603A6FFB3BAA}.AppStore|iPhone.ActiveCfg = AppStore|iPhone
		{4FCA5B2A-7752-4B67-A3E0-603A6FFB3BAA}.AppStore|iPhone.Build.0 = AppStore|iPhone
		{4FCA5B2A-7752-4B67-A3E0-603A6FFB3BAA}.AppStore|iPhone.Deploy.0 = AppStore|iPhone
		{4FCA5B2A-7752-4B67-A3E0-603A6FFB3BAA}.AppStore|iPhoneSimulator.ActiveCfg = AppStore|iPhoneSimulator
		{4FCA5B2A-7752-4B67-A3E0-603A6FFB3BAA}.AppStore|iPhoneSimulator.Build.0 = AppStore|iPhoneSimulator
		{4FCA5B2A-7752-4B67-A3E0-603A6FFB3BAA}.AppStore|x64.ActiveCfg = AppStore|iPhone
		{4FCA5B2A-7752-4B67-A3E0-603A6FFB3BAA}.AppStore|x64.Build.0 = AppStore|iPhone
		{4FCA5B2A-7752-4B67-A3E0-603A6FFB3BAA}.AppStore|x86.ActiveCfg = AppStore|iPhone
		{4FCA5B2A-7752-4B67-A3E0-603A6FFB3BAA}.AppStore|x86.Build.0 = AppStore|iPhone
		{4FCA5B2A-7752-4B67-A3E0-603A6FFB3BAA}.Debug|Any CPU.ActiveCfg = Debug|iPhoneSimulator
		{4FCA5B2A-7752-4B67-A3E0-603A6FFB3BAA}.Debug|Any CPU.Build.0 = Debug|iPhoneSimulator
		{4FCA5B2A-7752-4B67-A3E0-603A6FFB3BAA}.Debug|Any CPU.Deploy.0 = Debug|iPhoneSimulator
		{4FCA5B2A-7752-4B67-A3E0-603A6FFB3BAA}.Debug|ARM.ActiveCfg = Debug|iPhone
		{4FCA5B2A-7752-4B67-A3E0-603A6FFB3BAA}.Debug|ARM.Build.0 = Debug|iPhone
		{4FCA5B2A-7752-4B67-A3E0-603A6FFB3BAA}.Debug|iPhone.ActiveCfg = Debug|iPhone
		{4FCA5B2A-7752-4B67-A3E0-603A6FFB3BAA}.Debug|iPhone.Build.0 = Debug|iPhone
		{4FCA5B2A-7752-4B67-A3E0-603A6FFB3BAA}.Debug|iPhone.Deploy.0 = Debug|iPhone
		{4FCA5B2A-7752-4B67-A3E0-603A6FFB3BAA}.Debug|iPhoneSimulator.ActiveCfg = Debug|iPhoneSimulator
		{4FCA5B2A-7752-4B67-A3E0-603A6FFB3BAA}.Debug|iPhoneSimulator.Build.0 = Debug|iPhoneSimulator
		{4FCA5B2A-7752-4B67-A3E0-603A6FFB3BAA}.Debug|iPhoneSimulator.Deploy.0 = Debug|iPhoneSimulator
		{4FCA5B2A-7752-4B67-A3E0-603A6FFB3BAA}.Debug|x64.ActiveCfg = Debug|iPhone
		{4FCA5B2A-7752-4B67-A3E0-603A6FFB3BAA}.Debug|x64.Build.0 = Debug|iPhone
		{4FCA5B2A-7752-4B67-A3E0-603A6FFB3BAA}.Debug|x86.ActiveCfg = Debug|iPhone
		{4FCA5B2A-7752-4B67-A3E0-603A6FFB3BAA}.Debug|x86.Build.0 = Debug|iPhone
		{4FCA5B2A-7752-4B67-A3E0-603A6FFB3BAA}.Release|Any CPU.ActiveCfg = Release|iPhoneSimulator
		{4FCA5B2A-7752-4B67-A3E0-603A6FFB3BAA}.Release|Any CPU.Build.0 = Release|iPhoneSimulator
		{4FCA5B2A-7752-4B67-A3E0-603A6FFB3BAA}.Release|Any CPU.Deploy.0 = Release|iPhoneSimulator
		{4FCA5B2A-7752-4B67-A3E0-603A6FFB3BAA}.Release|ARM.ActiveCfg = Release|iPhone
		{4FCA5B2A-7752-4B67-A3E0-603A6FFB3BAA}.Release|ARM.Build.0 = Release|iPhone
		{4FCA5B2A-7752-4B67-A3E0-603A6FFB3BAA}.Release|iPhone.ActiveCfg = Release|iPhone
		{4FCA5B2A-7752-4B67-A3E0-603A6FFB3BAA}.Release|iPhone.Build.0 = Release|iPhone
		{4FCA5B2A-7752-4B67-A3E0-603A6FFB3BAA}.Release|iPhone.Deploy.0 = Release|iPhone
		{4FCA5B2A-7752-4B67-A3E0-603A6FFB3BAA}.Release|iPhoneSimulator.ActiveCfg = Release|iPhoneSimulator
		{4FCA5B2A-7752-4B67-A3E0-603A6FFB3BAA}.Release|iPhoneSimulator.Build.0 = Release|iPhoneSimulator
		{4FCA5B2A-7752-4B67-A3E0-603A6FFB3BAA}.Release|iPhoneSimulator.Deploy.0 = Release|iPhoneSimulator
		{4FCA5B2A-7752-4B67-A3E0-603A6FFB3BAA}.Release|x64.ActiveCfg = Release|iPhone
		{4FCA5B2A-7752-4B67-A3E0-603A6FFB3BAA}.Release|x64.Build.0 = Release|iPhone
		{4FCA5B2A-7752-4B67-A3E0-603A6FFB3BAA}.Release|x86.ActiveCfg = Release|iPhone
		{4FCA5B2A-7752-4B67-A3E0-603A6FFB3BAA}.Release|x86.Build.0 = Release|iPhone
		{F4AD7D37-9230-402F-8673-4470AA1E4B76}.Ad-Hoc|Any CPU.ActiveCfg = Release|Any CPU
		{F4AD7D37-9230-402F-8673-4470AA1E4B76}.Ad-Hoc|Any CPU.Build.0 = Release|Any CPU
		{F4AD7D37-9230-402F-8673-4470AA1E4B76}.Ad-Hoc|ARM.ActiveCfg = Debug|Any CPU
		{F4AD7D37-9230-402F-8673-4470AA1E4B76}.Ad-Hoc|ARM.Build.0 = Debug|Any CPU
		{F4AD7D37-9230-402F-8673-4470AA1E4B76}.Ad-Hoc|iPhone.ActiveCfg = Debug|Any CPU
		{F4AD7D37-9230-402F-8673-4470AA1E4B76}.Ad-Hoc|iPhone.Build.0 = Debug|Any CPU
		{F4AD7D37-9230-402F-8673-4470AA1E4B76}.Ad-Hoc|iPhoneSimulator.ActiveCfg = Release|Any CPU
		{F4AD7D37-9230-402F-8673-4470AA1E4B76}.Ad-Hoc|iPhoneSimulator.Build.0 = Release|Any CPU
		{F4AD7D37-9230-402F-8673-4470AA1E4B76}.Ad-Hoc|x64.ActiveCfg = Debug|Any CPU
		{F4AD7D37-9230-402F-8673-4470AA1E4B76}.Ad-Hoc|x64.Build.0 = Debug|Any CPU
		{F4AD7D37-9230-402F-8673-4470AA1E4B76}.Ad-Hoc|x86.ActiveCfg = Debug|Any CPU
		{F4AD7D37-9230-402F-8673-4470AA1E4B76}.Ad-Hoc|x86.Build.0 = Debug|Any CPU
		{F4AD7D37-9230-402F-8673-4470AA1E4B76}.AppStore|Any CPU.ActiveCfg = Release|Any CPU
		{F4AD7D37-9230-402F-8673-4470AA1E4B76}.AppStore|Any CPU.Build.0 = Release|Any CPU
		{F4AD7D37-9230-402F-8673-4470AA1E4B76}.AppStore|ARM.ActiveCfg = Debug|Any CPU
		{F4AD7D37-9230-402F-8673-4470AA1E4B76}.AppStore|ARM.Build.0 = Debug|Any CPU
		{F4AD7D37-9230-402F-8673-4470AA1E4B76}.AppStore|iPhone.ActiveCfg = Debug|Any CPU
		{F4AD7D37-9230-402F-8673-4470AA1E4B76}.AppStore|iPhone.Build.0 = Debug|Any CPU
		{F4AD7D37-9230-402F-8673-4470AA1E4B76}.AppStore|iPhoneSimulator.ActiveCfg = Release|Any CPU
		{F4AD7D37-9230-402F-8673-4470AA1E4B76}.AppStore|iPhoneSimulator.Build.0 = Release|Any CPU
		{F4AD7D37-9230-402F-8673-4470AA1E4B76}.AppStore|x64.ActiveCfg = Debug|Any CPU
		{F4AD7D37-9230-402F-8673-4470AA1E4B76}.AppStore|x64.Build.0 = Debug|Any CPU
		{F4AD7D37-9230-402F-8673-4470AA1E4B76}.AppStore|x86.ActiveCfg = Debug|Any CPU
		{F4AD7D37-9230-402F-8673-4470AA1E4B76}.AppStore|x86.Build.0 = Debug|Any CPU
		{F4AD7D37-9230-402F-8673-4470AA1E4B76}.Debug|Any CPU.ActiveCfg = Debug|Any CPU
		{F4AD7D37-9230-402F-8673-4470AA1E4B76}.Debug|Any CPU.Build.0 = Debug|Any CPU
		{F4AD7D37-9230-402F-8673-4470AA1E4B76}.Debug|ARM.ActiveCfg = Debug|Any CPU
		{F4AD7D37-9230-402F-8673-4470AA1E4B76}.Debug|ARM.Build.0 = Debug|Any CPU
		{F4AD7D37-9230-402F-8673-4470AA1E4B76}.Debug|iPhone.ActiveCfg = Debug|Any CPU
		{F4AD7D37-9230-402F-8673-4470AA1E4B76}.Debug|iPhone.Build.0 = Debug|Any CPU
		{F4AD7D37-9230-402F-8673-4470AA1E4B76}.Debug|iPhoneSimulator.ActiveCfg = Debug|Any CPU
		{F4AD7D37-9230-402F-8673-4470AA1E4B76}.Debug|iPhoneSimulator.Build.0 = Debug|Any CPU
		{F4AD7D37-9230-402F-8673-4470AA1E4B76}.Debug|x64.ActiveCfg = Debug|Any CPU
		{F4AD7D37-9230-402F-8673-4470AA1E4B76}.Debug|x64.Build.0 = Debug|Any CPU
		{F4AD7D37-9230-402F-8673-4470AA1E4B76}.Debug|x86.ActiveCfg = Debug|Any CPU
		{F4AD7D37-9230-402F-8673-4470AA1E4B76}.Debug|x86.Build.0 = Debug|Any CPU
		{F4AD7D37-9230-402F-8673-4470AA1E4B76}.Release|Any CPU.ActiveCfg = Release|Any CPU
		{F4AD7D37-9230-402F-8673-4470AA1E4B76}.Release|Any CPU.Build.0 = Release|Any CPU
		{F4AD7D37-9230-402F-8673-4470AA1E4B76}.Release|ARM.ActiveCfg = Release|Any CPU
		{F4AD7D37-9230-402F-8673-4470AA1E4B76}.Release|ARM.Build.0 = Release|Any CPU
		{F4AD7D37-9230-402F-8673-4470AA1E4B76}.Release|iPhone.ActiveCfg = Release|Any CPU
		{F4AD7D37-9230-402F-8673-4470AA1E4B76}.Release|iPhone.Build.0 = Release|Any CPU
		{F4AD7D37-9230-402F-8673-4470AA1E4B76}.Release|iPhoneSimulator.ActiveCfg = Release|Any CPU
		{F4AD7D37-9230-402F-8673-4470AA1E4B76}.Release|iPhoneSimulator.Build.0 = Release|Any CPU
		{F4AD7D37-9230-402F-8673-4470AA1E4B76}.Release|x64.ActiveCfg = Release|Any CPU
		{F4AD7D37-9230-402F-8673-4470AA1E4B76}.Release|x64.Build.0 = Release|Any CPU
		{F4AD7D37-9230-402F-8673-4470AA1E4B76}.Release|x86.ActiveCfg = Release|Any CPU
		{F4AD7D37-9230-402F-8673-4470AA1E4B76}.Release|x86.Build.0 = Release|Any CPU
		{A9AEF588-3E19-4CF2-812D-1F6FBA18AFBA}.Ad-Hoc|Any CPU.ActiveCfg = Release|Any CPU
		{A9AEF588-3E19-4CF2-812D-1F6FBA18AFBA}.Ad-Hoc|Any CPU.Build.0 = Release|Any CPU
		{A9AEF588-3E19-4CF2-812D-1F6FBA18AFBA}.Ad-Hoc|ARM.ActiveCfg = Debug|Any CPU
		{A9AEF588-3E19-4CF2-812D-1F6FBA18AFBA}.Ad-Hoc|ARM.Build.0 = Debug|Any CPU
		{A9AEF588-3E19-4CF2-812D-1F6FBA18AFBA}.Ad-Hoc|iPhone.ActiveCfg = Debug|Any CPU
		{A9AEF588-3E19-4CF2-812D-1F6FBA18AFBA}.Ad-Hoc|iPhone.Build.0 = Debug|Any CPU
		{A9AEF588-3E19-4CF2-812D-1F6FBA18AFBA}.Ad-Hoc|iPhoneSimulator.ActiveCfg = Release|Any CPU
		{A9AEF588-3E19-4CF2-812D-1F6FBA18AFBA}.Ad-Hoc|iPhoneSimulator.Build.0 = Release|Any CPU
		{A9AEF588-3E19-4CF2-812D-1F6FBA18AFBA}.Ad-Hoc|x64.ActiveCfg = Debug|Any CPU
		{A9AEF588-3E19-4CF2-812D-1F6FBA18AFBA}.Ad-Hoc|x64.Build.0 = Debug|Any CPU
		{A9AEF588-3E19-4CF2-812D-1F6FBA18AFBA}.Ad-Hoc|x86.ActiveCfg = Debug|Any CPU
		{A9AEF588-3E19-4CF2-812D-1F6FBA18AFBA}.Ad-Hoc|x86.Build.0 = Debug|Any CPU
		{A9AEF588-3E19-4CF2-812D-1F6FBA18AFBA}.AppStore|Any CPU.ActiveCfg = Release|Any CPU
		{A9AEF588-3E19-4CF2-812D-1F6FBA18AFBA}.AppStore|Any CPU.Build.0 = Release|Any CPU
		{A9AEF588-3E19-4CF2-812D-1F6FBA18AFBA}.AppStore|ARM.ActiveCfg = Debug|Any CPU
		{A9AEF588-3E19-4CF2-812D-1F6FBA18AFBA}.AppStore|ARM.Build.0 = Debug|Any CPU
		{A9AEF588-3E19-4CF2-812D-1F6FBA18AFBA}.AppStore|iPhone.ActiveCfg = Debug|Any CPU
		{A9AEF588-3E19-4CF2-812D-1F6FBA18AFBA}.AppStore|iPhone.Build.0 = Debug|Any CPU
		{A9AEF588-3E19-4CF2-812D-1F6FBA18AFBA}.AppStore|iPhoneSimulator.ActiveCfg = Release|Any CPU
		{A9AEF588-3E19-4CF2-812D-1F6FBA18AFBA}.AppStore|iPhoneSimulator.Build.0 = Release|Any CPU
		{A9AEF588-3E19-4CF2-812D-1F6FBA18AFBA}.AppStore|x64.ActiveCfg = Debug|Any CPU
		{A9AEF588-3E19-4CF2-812D-1F6FBA18AFBA}.AppStore|x64.Build.0 = Debug|Any CPU
		{A9AEF588-3E19-4CF2-812D-1F6FBA18AFBA}.AppStore|x86.ActiveCfg = Debug|Any CPU
		{A9AEF588-3E19-4CF2-812D-1F6FBA18AFBA}.AppStore|x86.Build.0 = Debug|Any CPU
		{A9AEF588-3E19-4CF2-812D-1F6FBA18AFBA}.Debug|Any CPU.ActiveCfg = Debug|Any CPU
		{A9AEF588-3E19-4CF2-812D-1F6FBA18AFBA}.Debug|Any CPU.Build.0 = Debug|Any CPU
		{A9AEF588-3E19-4CF2-812D-1F6FBA18AFBA}.Debug|ARM.ActiveCfg = Debug|Any CPU
		{A9AEF588-3E19-4CF2-812D-1F6FBA18AFBA}.Debug|ARM.Build.0 = Debug|Any CPU
		{A9AEF588-3E19-4CF2-812D-1F6FBA18AFBA}.Debug|iPhone.ActiveCfg = Debug|Any CPU
		{A9AEF588-3E19-4CF2-812D-1F6FBA18AFBA}.Debug|iPhone.Build.0 = Debug|Any CPU
		{A9AEF588-3E19-4CF2-812D-1F6FBA18AFBA}.Debug|iPhoneSimulator.ActiveCfg = Debug|Any CPU
		{A9AEF588-3E19-4CF2-812D-1F6FBA18AFBA}.Debug|iPhoneSimulator.Build.0 = Debug|Any CPU
		{A9AEF588-3E19-4CF2-812D-1F6FBA18AFBA}.Debug|x64.ActiveCfg = Debug|Any CPU
		{A9AEF588-3E19-4CF2-812D-1F6FBA18AFBA}.Debug|x64.Build.0 = Debug|Any CPU
		{A9AEF588-3E19-4CF2-812D-1F6FBA18AFBA}.Debug|x86.ActiveCfg = Debug|Any CPU
		{A9AEF588-3E19-4CF2-812D-1F6FBA18AFBA}.Debug|x86.Build.0 = Debug|Any CPU
		{A9AEF588-3E19-4CF2-812D-1F6FBA18AFBA}.Release|Any CPU.ActiveCfg = Release|Any CPU
		{A9AEF588-3E19-4CF2-812D-1F6FBA18AFBA}.Release|Any CPU.Build.0 = Release|Any CPU
		{A9AEF588-3E19-4CF2-812D-1F6FBA18AFBA}.Release|ARM.ActiveCfg = Release|Any CPU
		{A9AEF588-3E19-4CF2-812D-1F6FBA18AFBA}.Release|ARM.Build.0 = Release|Any CPU
		{A9AEF588-3E19-4CF2-812D-1F6FBA18AFBA}.Release|iPhone.ActiveCfg = Release|Any CPU
		{A9AEF588-3E19-4CF2-812D-1F6FBA18AFBA}.Release|iPhone.Build.0 = Release|Any CPU
		{A9AEF588-3E19-4CF2-812D-1F6FBA18AFBA}.Release|iPhoneSimulator.ActiveCfg = Release|Any CPU
		{A9AEF588-3E19-4CF2-812D-1F6FBA18AFBA}.Release|iPhoneSimulator.Build.0 = Release|Any CPU
		{A9AEF588-3E19-4CF2-812D-1F6FBA18AFBA}.Release|x64.ActiveCfg = Release|Any CPU
		{A9AEF588-3E19-4CF2-812D-1F6FBA18AFBA}.Release|x64.Build.0 = Release|Any CPU
		{A9AEF588-3E19-4CF2-812D-1F6FBA18AFBA}.Release|x86.ActiveCfg = Release|Any CPU
		{A9AEF588-3E19-4CF2-812D-1F6FBA18AFBA}.Release|x86.Build.0 = Release|Any CPU
	EndGlobalSection
	GlobalSection(SolutionProperties) = preSolution
		HideSolutionNode = FALSE
	EndGlobalSection
	GlobalSection(NestedProjects) = preSolution
		{76E289D2-BAA3-4AE2-888F-8902CEB8263B} = {7AEB45EA-108A-4EBB-9DB1-B16CF19D4C8B}
		{8CB918D0-F10F-4BA0-8514-DBE62745CBDF} = {7AEB45EA-108A-4EBB-9DB1-B16CF19D4C8B}
		{4FCA5B2A-7752-4B67-A3E0-603A6FFB3BAA} = {7AEB45EA-108A-4EBB-9DB1-B16CF19D4C8B}
		{F4AD7D37-9230-402F-8673-4470AA1E4B76} = {1AD5615D-03B1-411A-A993-E5FD8A08B0D1}
		{A9AEF588-3E19-4CF2-812D-1F6FBA18AFBA} = {1AD5615D-03B1-411A-A993-E5FD8A08B0D1}
	EndGlobalSection
	GlobalSection(ExtensibilityGlobals) = postSolution
		SolutionGuid = {17567BD2-ECCF-4236-B566-D4B3F163C284}
	EndGlobalSection
EndGlobal
